
Microsoft Visual Studio Solution File, Format Version 12.00
# Visual Studio Version 16
VisualStudioVersion = 16.0.30804.86
MinimumVisualStudioVersion = 10.0.40219.1
Project("{FAE04EC0-301F-11D3-BF4B-00C04F79EFBC}") = "TheDonDelegatesTutorial", "TheDonDelegatesTutorial\TheDonDelegatesTutorial.csproj", "{868B6635-4D1B-4B8A-AED9-2837587CB05D}"
EndProject
Global
	GlobalSection(SolutionConfigurationPlatforms) = preSolution
		Debug|Any CPU = Debug|Any CPU
		Release|Any CPU = Release|Any CPU
	EndGlobalSection
	GlobalSection(ProjectConfigurationPlatforms) = postSolution
		{868B6635-4D1B-4B8A-AED9-2837587CB05D}.Debug|Any CPU.ActiveCfg = Debug|Any CPU
		{868B6635-4D1B-4B8A-AED9-2837587CB05D}.Debug|Any CPU.Build.0 = Debug|Any CPU
		{868B6635-4D1B-4B8A-AED9-2837587CB05D}.Release|Any CPU.ActiveCfg = Release|Any CPU
		{868B6635-4D1B-4B8A-AED9-2837587CB05D}.Release|Any CPU.Build.0 = Release|Any CPU
	EndGlobalSection
	GlobalSection(SolutionProperties) = preSolution
		HideSolutionNode = FALSE
	EndGlobalSection
	GlobalSection(ExtensibilityGlobals) = postSolution
		SolutionGuid = {8E25033C-F44D-45BC-9BA0-8367A4748B33}
	EndGlobalSection
EndGlobal
